
Microsoft Visual Studio Solution File, Format Version 12.00
# Visual Studio Version 17
VisualStudioVersion = 17.5.33627.172
MinimumVisualStudioVersion = 10.0.40219.1
Project("{9A19103F-16F7-4668-BE54-9A1E7A4F7556}") = "Entities", "Entities\Entities.csproj", "{82188B5A-ECA4-4CB2-A615-1E03258E7089}"
EndProject
Project("{9A19103F-16F7-4668-BE54-9A1E7A4F7556}") = "DataAccess", "DataAccess\DataAccess.csproj", "{B3826673-881B-4206-BF5F-78614431AB55}"
EndProject
Project("{9A19103F-16F7-4668-BE54-9A1E7A4F7556}") = "Business", "Business\Business.csproj", "{3BE0DE2E-AD76-4FDB-B562-0F5EAAE52B0C}"
EndProject
Project("{9A19103F-16F7-4668-BE54-9A1E7A4F7556}") = "ConsoleUI", "ConsoleUI\ConsoleUI.csproj", "{2AE21245-F6D3-4FF7-AC37-6B79A9379B0D}"
EndProject
Project("{FAE04EC0-301F-11D3-BF4B-00C04F79EFBC}") = "Core", "Core\Core.csproj", "{84B8CA58-8F43-4BF2-BE03-97679DEF7BCD}"
EndProject
Global
	GlobalSection(SolutionConfigurationPlatforms) = preSolution
		Debug|Any CPU = Debug|Any CPU
		Release|Any CPU = Release|Any CPU
	EndGlobalSection
	GlobalSection(ProjectConfigurationPlatforms) = postSolution
		{82188B5A-ECA4-4CB2-A615-1E03258E7089}.Debug|Any CPU.ActiveCfg = Debug|Any CPU
		{82188B5A-ECA4-4CB2-A615-1E03258E7089}.Debug|Any CPU.Build.0 = Debug|Any CPU
		{82188B5A-ECA4-4CB2-A615-1E03258E7089}.Release|Any CPU.ActiveCfg = Release|Any CPU
		{82188B5A-ECA4-4CB2-A615-1E03258E7089}.Release|Any CPU.Build.0 = Release|Any CPU
		{B3826673-881B-4206-BF5F-78614431AB55}.Debug|Any CPU.ActiveCfg = Debug|Any CPU
		{B3826673-881B-4206-BF5F-78614431AB55}.Debug|Any CPU.Build.0 = Debug|Any CPU
		{B3826673-881B-4206-BF5F-78614431AB55}.Release|Any CPU.ActiveCfg = Release|Any CPU
		{B3826673-881B-4206-BF5F-78614431AB55}.Release|Any CPU.Build.0 = Release|Any CPU
		{3BE0DE2E-AD76-4FDB-B562-0F5EAAE52B0C}.Debug|Any CPU.ActiveCfg = Debug|Any CPU
		{3BE0DE2E-AD76-4FDB-B562-0F5EAAE52B0C}.Debug|Any CPU.Build.0 = Debug|Any CPU
		{3BE0DE2E-AD76-4FDB-B562-0F5EAAE52B0C}.Release|Any CPU.ActiveCfg = Release|Any CPU
		{3BE0DE2E-AD76-4FDB-B562-0F5EAAE52B0C}.Release|Any CPU.Build.0 = Release|Any CPU
		{2AE21245-F6D3-4FF7-AC37-6B79A9379B0D}.Debug|Any CPU.ActiveCfg = Debug|Any CPU
		{2AE21245-F6D3-4FF7-AC37-6B79A9379B0D}.Debug|Any CPU.Build.0 = Debug|Any CPU
		{2AE21245-F6D3-4FF7-AC37-6B79A9379B0D}.Release|Any CPU.ActiveCfg = Release|Any CPU
		{2AE21245-F6D3-4FF7-AC37-6B79A9379B0D}.Release|Any CPU.Build.0 = Release|Any CPU
		{84B8CA58-8F43-4BF2-BE03-97679DEF7BCD}.Debug|Any CPU.ActiveCfg = Debug|Any CPU
		{84B8CA58-8F43-4BF2-BE03-97679DEF7BCD}.Debug|Any CPU.Build.0 = Debug|Any CPU
		{84B8CA58-8F43-4BF2-BE03-97679DEF7BCD}.Release|Any CPU.ActiveCfg = Release|Any CPU
		{84B8CA58-8F43-4BF2-BE03-97679DEF7BCD}.Release|Any CPU.Build.0 = Release|Any CPU
	EndGlobalSection
	GlobalSection(SolutionProperties) = preSolution
		HideSolutionNode = FALSE
	EndGlobalSection
	GlobalSection(ExtensibilityGlobals) = postSolution
		SolutionGuid = {C0C3439A-F3E1-43B1-9238-78B7771D9324}
	EndGlobalSection
EndGlobal
